
Microsoft Visual Studio Solution File, Format Version 12.00
# Visual Studio 15
VisualStudioVersion = 15.0.27703.2000
MinimumVisualStudioVersion = 10.0.40219.1
Project("{FAE04EC0-301F-11D3-BF4B-00C04F79EFBC}") = "NAA.MVC", "NAA.MVC\NAA.MVC.csproj", "{70BECB62-9B22-4EF3-B9AE-B659C1F602FD}"
EndProject
Project("{FAE04EC0-301F-11D3-BF4B-00C04F79EFBC}") = "NAA.Service", "NAA.Service\NAA.Service.csproj", "{67A5B677-9407-4828-97BE-4F2820044A77}"
EndProject
Project("{FAE04EC0-301F-11D3-BF4B-00C04F79EFBC}") = "NAA.Data", "NAA.Data\NAA.Data.csproj", "{705B8B1C-38F2-4E75-A069-C7ECDC660919}"
EndProject
Project("{FAE04EC0-301F-11D3-BF4B-00C04F79EFBC}") = "NAA.CourseService", "NAA.CourseService\NAA.CourseService.csproj", "{932F5856-947D-4DE8-A873-8E9FBB54C40E}"
EndProject
Project("{FAE04EC0-301F-11D3-BF4B-00C04F79EFBC}") = "NAA.WebService", "NAA.WebService\NAA.WebService.csproj", "{FBF862C1-4A02-4BC4-BE47-0018234AAC37}"
EndProject
Global
	GlobalSection(SolutionConfigurationPlatforms) = preSolution
		Debug|Any CPU = Debug|Any CPU
		Release|Any CPU = Release|Any CPU
	EndGlobalSection
	GlobalSection(ProjectConfigurationPlatforms) = postSolution
		{70BECB62-9B22-4EF3-B9AE-B659C1F602FD}.Debug|Any CPU.ActiveCfg = Debug|Any CPU
		{70BECB62-9B22-4EF3-B9AE-B659C1F602FD}.Debug|Any CPU.Build.0 = Debug|Any CPU
		{70BECB62-9B22-4EF3-B9AE-B659C1F602FD}.Release|Any CPU.ActiveCfg = Release|Any CPU
		{70BECB62-9B22-4EF3-B9AE-B659C1F602FD}.Release|Any CPU.Build.0 = Release|Any CPU
		{67A5B677-9407-4828-97BE-4F2820044A77}.Debug|Any CPU.ActiveCfg = Debug|Any CPU
		{67A5B677-9407-4828-97BE-4F2820044A77}.Debug|Any CPU.Build.0 = Debug|Any CPU
		{67A5B677-9407-4828-97BE-4F2820044A77}.Release|Any CPU.ActiveCfg = Release|Any CPU
		{67A5B677-9407-4828-97BE-4F2820044A77}.Release|Any CPU.Build.0 = Release|Any CPU
		{705B8B1C-38F2-4E75-A069-C7ECDC660919}.Debug|Any CPU.ActiveCfg = Debug|Any CPU
		{705B8B1C-38F2-4E75-A069-C7ECDC660919}.Debug|Any CPU.Build.0 = Debug|Any CPU
		{705B8B1C-38F2-4E75-A069-C7ECDC660919}.Release|Any CPU.ActiveCfg = Release|Any CPU
		{705B8B1C-38F2-4E75-A069-C7ECDC660919}.Release|Any CPU.Build.0 = Release|Any CPU
		{932F5856-947D-4DE8-A873-8E9FBB54C40E}.Debug|Any CPU.ActiveCfg = Debug|Any CPU
		{932F5856-947D-4DE8-A873-8E9FBB54C40E}.Debug|Any CPU.Build.0 = Debug|Any CPU
		{932F5856-947D-4DE8-A873-8E9FBB54C40E}.Release|Any CPU.ActiveCfg = Release|Any CPU
		{932F5856-947D-4DE8-A873-8E9FBB54C40E}.Release|Any CPU.Build.0 = Release|Any CPU
		{FBF862C1-4A02-4BC4-BE47-0018234AAC37}.Debug|Any CPU.ActiveCfg = Debug|Any CPU
		{FBF862C1-4A02-4BC4-BE47-0018234AAC37}.Debug|Any CPU.Build.0 = Debug|Any CPU
		{FBF862C1-4A02-4BC4-BE47-0018234AAC37}.Release|Any CPU.ActiveCfg = Release|Any CPU
		{FBF862C1-4A02-4BC4-BE47-0018234AAC37}.Release|Any CPU.Build.0 = Release|Any CPU
	EndGlobalSection
	GlobalSection(SolutionProperties) = preSolution
		HideSolutionNode = FALSE
	EndGlobalSection
	GlobalSection(ExtensibilityGlobals) = postSolution
		SolutionGuid = {7D163C58-48D6-4700-B618-5379A2D3E501}
	EndGlobalSection
EndGlobal
